// !$*UTF8*$!
{
	archiveVersion = 1;
	classes = {
	};
	objectVersion = 50;
	objects = {

/* Begin PBXBuildFile section */
		1EB8EEB8250FB18300CF0FD4 /* AppDelegate.swift in Sources */ = {isa = PBXBuildFile; fileRef = 1EB8EEB7250FB18300CF0FD4 /* AppDelegate.swift */; };
		1EB8EEBA250FB18300CF0FD4 /* SceneDelegate.swift in Sources */ = {isa = PBXBuildFile; fileRef = 1EB8EEB9250FB18300CF0FD4 /* SceneDelegate.swift */; };
		1EB8EEC1250FB18500CF0FD4 /* Assets.xcassets in Resources */ = {isa = PBXBuildFile; fileRef = 1EB8EEC0250FB18500CF0FD4 /* Assets.xcassets */; };
		1EB8EEC4250FB18500CF0FD4 /* LaunchScreen.storyboard in Resources */ = {isa = PBXBuildFile; fileRef = 1EB8EEC2250FB18500CF0FD4 /* LaunchScreen.storyboard */; };
		1EB8EECC250FB26300CF0FD4 /* MealsViewController.swift in Sources */ = {isa = PBXBuildFile; fileRef = 1EB8EECB250FB26300CF0FD4 /* MealsViewController.swift */; };
		1EB8EECE250FB28900CF0FD4 /* MealsModel.swift in Sources */ = {isa = PBXBuildFile; fileRef = 1EB8EECD250FB28900CF0FD4 /* MealsModel.swift */; };
		1EB8EED0250FB2A700CF0FD4 /* MealsManager.swift in Sources */ = {isa = PBXBuildFile; fileRef = 1EB8EECF250FB2A700CF0FD4 /* MealsManager.swift */; };
		1EB8EED2250FB2CB00CF0FD4 /* MealsData.swift in Sources */ = {isa = PBXBuildFile; fileRef = 1EB8EED1250FB2CB00CF0FD4 /* MealsData.swift */; };
/* End PBXBuildFile section */

/* Begin PBXFileReference section */
		1EB8EEB4250FB18300CF0FD4 /* Uala.app */ = {isa = PBXFileReference; explicitFileType = wrapper.application; includeInIndex = 0; path = Uala.app; sourceTree = BUILT_PRODUCTS_DIR; };
		1EB8EEB7250FB18300CF0FD4 /* AppDelegate.swift */ = {isa = PBXFileReference; lastKnownFileType = sourcecode.swift; path = AppDelegate.swift; sourceTree = "<group>"; };
		1EB8EEB9250FB18300CF0FD4 /* SceneDelegate.swift */ = {isa = PBXFileReference; lastKnownFileType = sourcecode.swift; path = SceneDelegate.swift; sourceTree = "<group>"; };
		1EB8EEC0250FB18500CF0FD4 /* Assets.xcassets */ = {isa = PBXFileReference; lastKnownFileType = folder.assetcatalog; path = Assets.xcassets; sourceTree = "<group>"; };
		1EB8EEC3250FB18500CF0FD4 /* Base */ = {isa = PBXFileReference; lastKnownFileType = file.storyboard; name = Base; path = Base.lproj/LaunchScreen.storyboard; sourceTree = "<group>"; };
		1EB8EEC5250FB18500CF0FD4 /* Info.plist */ = {isa = PBXFileReference; lastKnownFileType = text.plist.xml; path = Info.plist; sourceTree = "<group>"; };
		1EB8EECB250FB26300CF0FD4 /* MealsViewController.swift */ = {isa = PBXFileReference; lastKnownFileType = sourcecode.swift; path = MealsViewController.swift; sourceTree = "<group>"; };
		1EB8EECD250FB28900CF0FD4 /* MealsModel.swift */ = {isa = PBXFileReference; lastKnownFileType = sourcecode.swift; path = MealsModel.swift; sourceTree = "<group>"; };
		1EB8EECF250FB2A700CF0FD4 /* MealsManager.swift */ = {isa = PBXFileReference; lastKnownFileType = sourcecode.swift; path = MealsManager.swift; sourceTree = "<group>"; };
		1EB8EED1250FB2CB00CF0FD4 /* MealsData.swift */ = {isa = PBXFileReference; lastKnownFileType = sourcecode.swift; path = MealsData.swift; sourceTree = "<group>"; };
/* End PBXFileReference section */

/* Begin PBXFrameworksBuildPhase section */
		1EB8EEB1250FB18300CF0FD4 /* Frameworks */ = {
			isa = PBXFrameworksBuildPhase;
			buildActionMask = 2147483647;
			files = (
			);
			runOnlyForDeploymentPostprocessing = 0;
		};
/* End PBXFrameworksBuildPhase section */

/* Begin PBXGroup section */
		1EB8EEAB250FB18300CF0FD4 = {
			isa = PBXGroup;
			children = (
				1EB8EEB6250FB18300CF0FD4 /* Uala */,
				1EB8EEB5250FB18300CF0FD4 /* Products */,
			);
			sourceTree = "<group>";
		};
		1EB8EEB5250FB18300CF0FD4 /* Products */ = {
			isa = PBXGroup;
			children = (
				1EB8EEB4250FB18300CF0FD4 /* Uala.app */,
			);
			name = Products;
			sourceTree = "<group>";
		};
		1EB8EEB6250FB18300CF0FD4 /* Uala */ = {
			isa = PBXGroup;
			children = (
				1EB8EEB7250FB18300CF0FD4 /* AppDelegate.swift */,
				1EB8EEB9250FB18300CF0FD4 /* SceneDelegate.swift */,
				1EB8EEC0250FB18500CF0FD4 /* Assets.xcassets */,
				1EB8EEC2250FB18500CF0FD4 /* LaunchScreen.storyboard */,
				1EB8EEC5250FB18500CF0FD4 /* Info.plist */,
				1EB8EECB250FB26300CF0FD4 /* MealsViewController.swift */,
				1EB8EECD250FB28900CF0FD4 /* MealsModel.swift */,
				1EB8EECF250FB2A700CF0FD4 /* MealsManager.swift */,
				1EB8EED1250FB2CB00CF0FD4 /* MealsData.swift */,
			);
			path = Uala;
			sourceTree = "<group>";
		};
/* End PBXGroup section */

/* Begin PBXNativeTarget section */
		1EB8EEB3250FB18300CF0FD4 /* Uala */ = {
			isa = PBXNativeTarget;
			buildConfigurationList = 1EB8EEC8250FB18500CF0FD4 /* Build configuration list for PBXNativeTarget "Uala" */;
			buildPhases = (
				1EB8EEB0250FB18300CF0FD4 /* Sources */,
				1EB8EEB1250FB18300CF0FD4 /* Frameworks */,
				1EB8EEB2250FB18300CF0FD4 /* Resources */,
			);
			buildRules = (
			);
			dependencies = (
			);
			name = Uala;
			productName = Uala;
			productReference = 1EB8EEB4250FB18300CF0FD4 /* Uala.app */;
			productType = "com.apple.product-type.application";
		};
/* End PBXNativeTarget section */

/* Begin PBXProject section */
		1EB8EEAC250FB18300CF0FD4 /* Project object */ = {
			isa = PBXProject;
			attributes = {
				LastSwiftUpdateCheck = 1150;
				LastUpgradeCheck = 1150;
				ORGANIZATIONNAME = "francisco bazan";
				TargetAttributes = {
					1EB8EEB3250FB18300CF0FD4 = {
						CreatedOnToolsVersion = 11.5;
					};
				};
			};
			buildConfigurationList = 1EB8EEAF250FB18300CF0FD4 /* Build configuration list for PBXProject "Uala" */;
			compatibilityVersion = "Xcode 9.3";
			developmentRegion = en;
			hasScannedForEncodings = 0;
			knownRegions = (
				en,
				Base,
			);
			mainGroup = 1EB8EEAB250FB18300CF0FD4;
			productRefGroup = 1EB8EEB5250FB18300CF0FD4 /* Products */;
			projectDirPath = "";
			projectRoot = "";
			targets = (
				1EB8EEB3250FB18300CF0FD4 /* Uala */,
			);
		};
/* End PBXProject section */

/* Begin PBXResourcesBuildPhase section */
		1EB8EEB2250FB18300CF0FD4 /* Resources */ = {
			isa = PBXResourcesBuildPhase;
			buildActionMask = 2147483647;
			files = (
				1EB8EEC4250FB18500CF0FD4 /* LaunchScreen.storyboard in Resources */,
				1EB8EEC1250FB18500CF0FD4 /* Assets.xcassets in Resources */,
			);
			runOnlyForDeploymentPostprocessing = 0;
		};
/* End PBXResourcesBuildPhase section */

/* Begin PBXSourcesBuildPhase section */
		1EB8EEB0250FB18300CF0FD4 /* Sources */ = {
			isa = PBXSourcesBuildPhase;
			buildActionMask = 2147483647;
			files = (
				1EB8EEB8250FB18300CF0FD4 /* AppDelegate.swift in Sources */,
				1EB8EECC250FB26300CF0FD4 /* MealsViewController.swift in Sources */,
				1EB8EECE250FB28900CF0FD4 /* MealsModel.swift in Sources */,
				1EB8EEBA250FB18300CF0FD4 /* SceneDelegate.swift in Sources */,
				1EB8EED2250FB2CB00CF0FD4 /* MealsData.swift in Sources */,
				1EB8EED0250FB2A700CF0FD4 /* MealsManager.swift in Sources */,
			);
			runOnlyForDeploymentPostprocessing = 0;
		};
/* End PBXSourcesBuildPhase section */

/* Begin PBXVariantGroup section */
		1EB8EEC2250FB18500CF0FD4 /* LaunchScreen.storyboard */ = {
			isa = PBXVariantGroup;
			children = (
				1EB8EEC3250FB18500CF0FD4 /* Base */,
			);
			name = LaunchScreen.storyboard;
			sourceTree = "<group>";
		};
/* End PBXVariantGroup section */

/* Begin XCBuildConfiguration section */
		1EB8EEC6250FB18500CF0FD4 /* Debug */ = {
			isa = XCBuildConfiguration;
			buildSettings = {
				ALWAYS_SEARCH_USER_PATHS = NO;
				CLANG_ANALYZER_NONNULL = YES;
				CLANG_ANALYZER_NUMBER_OBJECT_CONVERSION = YES_AGGRESSIVE;
				CLANG_CXX_LANGUAGE_STANDARD = "gnu++14";
				CLANG_CXX_LIBRARY = "libc++";
				CLANG_ENABLE_MODULES = YES;
				CLANG_ENABLE_OBJC_ARC = YES;
				CLANG_ENABLE_OBJC_WEAK = YES;
				CLANG_WARN_BLOCK_CAPTURE_AUTORELEASING = YES;
				CLANG_WARN_BOOL_CONVERSION = YES;
				CLANG_WARN_COMMA = YES;
				CLANG_WARN_CONSTANT_CONVERSION = YES;
				CLANG_WARN_DEPRECATED_OBJC_IMPLEMENTATIONS = YES;
				CLANG_WARN_DIRECT_OBJC_ISA_USAGE = YES_ERROR;
				CLANG_WARN_DOCUMENTATION_COMMENTS = YES;
				CLANG_WARN_EMPTY_BODY = YES;
				CLANG_WARN_ENUM_CONVERSION = YES;
				CLANG_WARN_INFINITE_RECURSION = YES;
				CLANG_WARN_INT_CONVERSION = YES;
				CLANG_WARN_NON_LITERAL_NULL_CONVERSION = YES;
				CLANG_WARN_OBJC_IMPLICIT_RETAIN_SELF = YES;
				CLANG_WARN_OBJC_LITERAL_CONVERSION = YES;
				CLANG_WARN_OBJC_ROOT_CLASS = YES_ERROR;
				CLANG_WARN_RANGE_LOOP_ANALYSIS = YES;
				CLANG_WARN_STRICT_PROTOTYPES = YES;
				CLANG_WARN_SUSPICIOUS_MOVE = YES;
				CLANG_WARN_UNGUARDED_AVAILABILITY = YES_AGGRESSIVE;
				CLANG_WARN_UNREACHABLE_CODE = YES;
				CLANG_WARN__DUPLICATE_METHOD_MATCH = YES;
				COPY_PHASE_STRIP = NO;
				DEBUG_INFORMATION_FORMAT = dwarf;
				ENABLE_STRICT_OBJC_MSGSEND = YES;
				ENABLE_TESTABILITY = YES;
				GCC_C_LANGUAGE_STANDARD = gnu11;
				GCC_DYNAMIC_NO_PIC = NO;
				GCC_NO_COMMON_BLOCKS = YES;
				GCC_OPTIMIZATION_LEVEL = 0;
				GCC_PREPROCESSOR_DEFINITIONS = (
					"DEBUG=1",
					"$(inherited)",
				);
				GCC_WARN_64_TO_32_BIT_CONVERSION = YES;
				GCC_WARN_ABOUT_RETURN_TYPE = YES_ERROR;
				GCC_WARN_UNDECLARED_SELECTOR = YES;
				GCC_WARN_UNINITIALIZED_AUTOS = YES_AGGRESSIVE;
				GCC_WARN_UNUSED_FUNCTION = YES;
				GCC_WARN_UNUSED_VARIABLE = YES;
				IPHONEOS_DEPLOYMENT_TARGET = 13.5;
				MTL_ENABLE_DEBUG_INFO = INCLUDE_SOURCE;
				MTL_FAST_MATH = YES;
				ONLY_ACTIVE_ARCH = YES;
				SDKROOT = iphoneos;
				SWIFT_ACTIVE_COMPILATION_CONDITIONS = DEBUG;
				SWIFT_OPTIMIZATION_LEVEL = "-Onone";
			};
			name = Debug;
		};
		1EB8EEC7250FB18500CF0FD4 /* Release */ = {
			isa = XCBuildConfiguration;
			buildSettings = {
				ALWAYS_SEARCH_USER_PATHS = NO;
				CLANG_ANALYZER_NONNULL = YES;
				CLANG_ANALYZER_NUMBER_OBJECT_CONVERSION = YES_AGGRESSIVE;
				CLANG_CXX_LANGUAGE_STANDARD = "gnu++14";
				CLANG_CXX_LIBRARY = "libc++";
				CLANG_ENABLE_MODULES = YES;
				CLANG_ENABLE_OBJC_ARC = YES;
				CLANG_ENABLE_OBJC_WEAK = YES;
				CLANG_WARN_BLOCK_CAPTURE_AUTORELEASING = YES;
				CLANG_WARN_BOOL_CONVERSION = YES;
				CLANG_WARN_COMMA = YES;
				CLANG_WARN_CONSTANT_CONVERSION = YES;
				CLANG_WARN_DEPRECATED_OBJC_IMPLEMENTATIONS = YES;
				CLANG_WARN_DIRECT_OBJC_ISA_USAGE = YES_ERROR;
				CLANG_WARN_DOCUMENTATION_COMMENTS = YES;
				CLANG_WARN_EMPTY_BODY = YES;
				CLANG_WARN_ENUM_CONVERSION = YES;
				CLANG_WARN_INFINITE_RECURSION = YES;
				CLANG_WARN_INT_CONVERSION = YES;
				CLANG_WARN_NON_LITERAL_NULL_CONVERSION = YES;
				CLANG_WARN_OBJC_IMPLICIT_RETAIN_SELF = YES;
				CLANG_WARN_OBJC_LITERAL_CONVERSION = YES;
				CLANG_WARN_OBJC_ROOT_CLASS = YES_ERROR;
				CLANG_WARN_RANGE_LOOP_ANALYSIS = YES;
				CLANG_WARN_STRICT_PROTOTYPES = YES;
				CLANG_WARN_SUSPICIOUS_MOVE = YES;
				CLANG_WARN_UNGUARDED_AVAILABILITY = YES_AGGRESSIVE;
				CLANG_WARN_UNREACHABLE_CODE = YES;
				CLANG_WARN__DUPLICATE_METHOD_MATCH = YES;
				COPY_PHASE_STRIP = NO;
				DEBUG_INFORMATION_FORMAT = "dwarf-with-dsym";
				ENABLE_NS_ASSERTIONS = NO;
				ENABLE_STRICT_OBJC_MSGSEND = YES;
				GCC_C_LANGUAGE_STANDARD = gnu11;
				GCC_NO_COMMON_BLOCKS = YES;
				GCC_WARN_64_TO_32_BIT_CONVERSION = YES;
				GCC_WARN_ABOUT_RETURN_TYPE = YES_ERROR;
				GCC_WARN_UNDECLARED_SELECTOR = YES;
				GCC_WARN_UNINITIALIZED_AUTOS = YES_AGGRESSIVE;
				GCC_WARN_UNUSED_FUNCTION = YES;
				GCC_WARN_UNUSED_VARIABLE = YES;
				IPHONEOS_DEPLOYMENT_TARGET = 13.5;
				MTL_ENABLE_DEBUG_INFO = NO;
				MTL_FAST_MATH = YES;
				SDKROOT = iphoneos;
				SWIFT_COMPILATION_MODE = wholemodule;
				SWIFT_OPTIMIZATION_LEVEL = "-O";
				VALIDATE_PRODUCT = YES;
			};
			name = Release;
		};
		1EB8EEC9250FB18500CF0FD4 /* Debug */ = {
			isa = XCBuildConfiguration;
			buildSettings = {
				ASSETCATALOG_COMPILER_APPICON_NAME = AppIcon;
				CODE_SIGN_STYLE = Automatic;
				INFOPLIST_FILE = Uala/Info.plist;
				LD_RUNPATH_SEARCH_PATHS = (
					"$(inherited)",
					"@executable_path/Frameworks",
				);
				PRODUCT_BUNDLE_IDENTIFIER = com.example.Uala;
				PRODUCT_NAME = "$(TARGET_NAME)";
				SWIFT_VERSION = 5.0;
				TARGETED_DEVICE_FAMILY = "1,2";
			};
			name = Debug;
		};
		1EB8EECA250FB18500CF0FD4 /* Release */ = {
			isa = XCBuildConfiguration;
			buildSettings = {
				ASSETCATALOG_COMPILER_APPICON_NAME = AppIcon;
				CODE_SIGN_STYLE = Automatic;
				INFOPLIST_FILE = Uala/Info.plist;
				LD_RUNPATH_SEARCH_PATHS = (
					"$(inherited)",
					"@executable_path/Frameworks",
				);
				PRODUCT_BUNDLE_IDENTIFIER = com.example.Uala;
				PRODUCT_NAME = "$(TARGET_NAME)";
				SWIFT_VERSION = 5.0;
				TARGETED_DEVICE_FAMILY = "1,2";
			};
			name = Release;
		};
/* End XCBuildConfiguration section */

/* Begin XCConfigurationList section */
		1EB8EEAF250FB18300CF0FD4 /* Build configuration list for PBXProject "Uala" */ = {
			isa = XCConfigurationList;
			buildConfigurations = (
				1EB8EEC6250FB18500CF0FD4 /* Debug */,
				1EB8EEC7250FB18500CF0FD4 /* Release */,
			);
			defaultConfigurationIsVisible = 0;
			defaultConfigurationName = Release;
		};
		1EB8EEC8250FB18500CF0FD4 /* Build configuration list for PBXNativeTarget "Uala" */ = {
			isa = XCConfigurationList;
			buildConfigurations = (
				1EB8EEC9250FB18500CF0FD4 /* Debug */,
				1EB8EECA250FB18500CF0FD4 /* Release */,
			);
			defaultConfigurationIsVisible = 0;
			defaultConfigurationName = Release;
		};
/* End XCConfigurationList section */
	};
	rootObject = 1EB8EEAC250FB18300CF0FD4 /* Project object */;
}
